
Microsoft Visual Studio Solution File, Format Version 12.00
# Visual Studio Version 17
VisualStudioVersion = 17.0.31903.59
MinimumVisualStudioVersion = 10.0.40219.1
Project("{FAE04EC0-301F-11D3-BF4B-00C04F79EFBC}") = "FinalGame", "FinalGame\FinalGame.csproj", "{A0CC1619-5CDB-4DC9-AF49-A78773CBD22E}"
EndProject
Global
	GlobalSection(SolutionConfigurationPlatforms) = preSolution
		Debug|Any CPU = Debug|Any CPU
		Release|Any CPU = Release|Any CPU
	EndGlobalSection
	GlobalSection(SolutionProperties) = preSolution
		HideSolutionNode = FALSE
	EndGlobalSection
	GlobalSection(ProjectConfigurationPlatforms) = postSolution
		{A0CC1619-5CDB-4DC9-AF49-A78773CBD22E}.Debug|Any CPU.ActiveCfg = Debug|Any CPU
		{A0CC1619-5CDB-4DC9-AF49-A78773CBD22E}.Debug|Any CPU.Build.0 = Debug|Any CPU
		{A0CC1619-5CDB-4DC9-AF49-A78773CBD22E}.Release|Any CPU.ActiveCfg = Release|Any CPU
		{A0CC1619-5CDB-4DC9-AF49-A78773CBD22E}.Release|Any CPU.Build.0 = Release|Any CPU
	EndGlobalSection
EndGlobal
